<?xml version="1.0" encoding="utf-8"?>
<Project ToolsVersion="4.0" xmlns="http://schemas.microsoft.com/developer/msbuild/2003">
  <ItemGroup>
    <Filter Include="OThirteen">
      <UniqueIdentifier>{B7DC03AD-2347-B823-6C85-69C9D82E9678}</UniqueIdentifier>
    </Filter>
  </ItemGroup>
  <ItemGroup>
    <ClInclude Include="src\OThirteen.h" />
    <ClInclude Include="src\OThirteen\Application.h">
      <Filter>OThirteen</Filter>
    </ClInclude>
    <ClInclude Include="src\OThirteen\Core.h">
      <Filter>OThirteen</Filter>
    </ClInclude>
    <ClInclude Include="src\OThirteen\EntryPoint.h">
      <Filter>OThirteen</Filter>
    </ClInclude>
    <ClInclude Include="src\OThirteen\Log.h">
      <Filter>OThirteen</Filter>
    </ClInclude>
  </ItemGroup>
  <ItemGroup>
    <ClCompile Include="src\OThirteen\Application.cpp">
      <Filter>OThirteen</Filter>
    </ClCompile>
    <ClCompile Include="src\OThirteen\Log.cpp">
      <Filter>OThirteen</Filter>
    </ClCompile>
  </ItemGroup>
</Project>